
Microsoft Visual Studio Solution File, Format Version 12.00
# Visual Studio Version 16
VisualStudioVersion = 16.0.30406.217
MinimumVisualStudioVersion = 10.0.40219.1
Project("{FAE04EC0-301F-11D3-BF4B-00C04F79EFBC}") = "ListaEncadeada", "ListaEncadeada\ListaEncadeada.csproj", "{5513B607-E84A-47BA-B590-1D0FA5F83DE6}"
EndProject
Global
	GlobalSection(SolutionConfigurationPlatforms) = preSolution
		Debug|Any CPU = Debug|Any CPU
		Release|Any CPU = Release|Any CPU
	EndGlobalSection
	GlobalSection(ProjectConfigurationPlatforms) = postSolution
		{5513B607-E84A-47BA-B590-1D0FA5F83DE6}.Debug|Any CPU.ActiveCfg = Debug|Any CPU
		{5513B607-E84A-47BA-B590-1D0FA5F83DE6}.Debug|Any CPU.Build.0 = Debug|Any CPU
		{5513B607-E84A-47BA-B590-1D0FA5F83DE6}.Release|Any CPU.ActiveCfg = Release|Any CPU
		{5513B607-E84A-47BA-B590-1D0FA5F83DE6}.Release|Any CPU.Build.0 = Release|Any CPU
	EndGlobalSection
	GlobalSection(SolutionProperties) = preSolution
		HideSolutionNode = FALSE
	EndGlobalSection
	GlobalSection(ExtensibilityGlobals) = postSolution
		SolutionGuid = {6DA389C5-8A35-44D4-AD96-27B1573178B8}
	EndGlobalSection
EndGlobal
